// !$*UTF8*$!
{
	archiveVersion = 1;
	classes = {
	};
	objectVersion = 46;
	objects = {

/* Begin PBXBuildFile section */
		E2D86F3A1B94CC6A00E8CAFA /* AppDelegate.swift in Sources */ = {isa = PBXBuildFile; fileRef = E2D86F391B94CC6A00E8CAFA /* AppDelegate.swift */; };
		E2D86F3C1B94CC6A00E8CAFA /* MasterViewController.swift in Sources */ = {isa = PBXBuildFile; fileRef = E2D86F3B1B94CC6A00E8CAFA /* MasterViewController.swift */; };
		E2D86F3E1B94CC6A00E8CAFA /* DetailViewController.swift in Sources */ = {isa = PBXBuildFile; fileRef = E2D86F3D1B94CC6A00E8CAFA /* DetailViewController.swift */; };
		E2D86F411B94CC6A00E8CAFA /* Main.storyboard in Resources */ = {isa = PBXBuildFile; fileRef = E2D86F3F1B94CC6A00E8CAFA /* Main.storyboard */; };
		E2D86F431B94CC6A00E8CAFA /* Images.xcassets in Resources */ = {isa = PBXBuildFile; fileRef = E2D86F421B94CC6A00E8CAFA /* Images.xcassets */; };
		E2D86F461B94CC6A00E8CAFA /* LaunchScreen.xib in Resources */ = {isa = PBXBuildFile; fileRef = E2D86F441B94CC6A00E8CAFA /* LaunchScreen.xib */; };
		E2D86F521B94CC6B00E8CAFA /* NoGitTests.swift in Sources */ = {isa = PBXBuildFile; fileRef = E2D86F511B94CC6B00E8CAFA /* NoGitTests.swift */; };
/* End PBXBuildFile section */

/* Begin PBXContainerItemProxy section */
		E2D86F4C1B94CC6B00E8CAFA /* PBXContainerItemProxy */ = {
			isa = PBXContainerItemProxy;
			containerPortal = E2D86F2C1B94CC6A00E8CAFA /* Project object */;
			proxyType = 1;
			remoteGlobalIDString = E2D86F331B94CC6A00E8CAFA;
			remoteInfo = NoGit;
		};
/* End PBXContainerItemProxy section */

/* Begin PBXFileReference section */
		E2D86F341B94CC6A00E8CAFA /* NoGit.app */ = {isa = PBXFileReference; explicitFileType = wrapper.application; includeInIndex = 0; path = NoGit.app; sourceTree = BUILT_PRODUCTS_DIR; };
		E2D86F381B94CC6A00E8CAFA /* Info.plist */ = {isa = PBXFileReference; lastKnownFileType = text.plist.xml; path = Info.plist; sourceTree = "<group>"; };
		E2D86F391B94CC6A00E8CAFA /* AppDelegate.swift */ = {isa = PBXFileReference; lastKnownFileType = sourcecode.swift; path = AppDelegate.swift; sourceTree = "<group>"; };
		E2D86F3B1B94CC6A00E8CAFA /* MasterViewController.swift */ = {isa = PBXFileReference; lastKnownFileType = sourcecode.swift; path = MasterViewController.swift; sourceTree = "<group>"; };
		E2D86F3D1B94CC6A00E8CAFA /* DetailViewController.swift */ = {isa = PBXFileReference; lastKnownFileType = sourcecode.swift; path = DetailViewController.swift; sourceTree = "<group>"; };
		E2D86F401B94CC6A00E8CAFA /* Base */ = {isa = PBXFileReference; lastKnownFileType = file.storyboard; name = Base; path = Base.lproj/Main.storyboard; sourceTree = "<group>"; };
		E2D86F421B94CC6A00E8CAFA /* Images.xcassets */ = {isa = PBXFileReference; lastKnownFileType = folder.assetcatalog; path = Images.xcassets; sourceTree = "<group>"; };
		E2D86F451B94CC6A00E8CAFA /* Base */ = {isa = PBXFileReference; lastKnownFileType = file.xib; name = Base; path = Base.lproj/LaunchScreen.xib; sourceTree = "<group>"; };
		E2D86F4B1B94CC6B00E8CAFA /* NoGitTests.xctest */ = {isa = PBXFileReference; explicitFileType = wrapper.cfbundle; includeInIndex = 0; path = NoGitTests.xctest; sourceTree = BUILT_PRODUCTS_DIR; };
		E2D86F501B94CC6B00E8CAFA /* Info.plist */ = {isa = PBXFileReference; lastKnownFileType = text.plist.xml; path = Info.plist; sourceTree = "<group>"; };
		E2D86F511B94CC6B00E8CAFA /* NoGitTests.swift */ = {isa = PBXFileReference; lastKnownFileType = sourcecode.swift; path = NoGitTests.swift; sourceTree = "<group>"; };
/* End PBXFileReference section */

/* Begin PBXFrameworksBuildPhase section */
		E2D86F311B94CC6A00E8CAFA /* Frameworks */ = {
			isa = PBXFrameworksBuildPhase;
			buildActionMask = 2147483647;
			files = (
			);
			runOnlyForDeploymentPostprocessing = 0;
		};
		E2D86F481B94CC6B00E8CAFA /* Frameworks */ = {
			isa = PBXFrameworksBuildPhase;
			buildActionMask = 2147483647;
			files = (
			);
			runOnlyForDeploymentPostprocessing = 0;
		};
/* End PBXFrameworksBuildPhase section */

/* Begin PBXGroup section */
		E2D86F2B1B94CC6A00E8CAFA = {
			isa = PBXGroup;
			children = (
				E2D86F361B94CC6A00E8CAFA /* NoGit */,
				E2D86F4E1B94CC6B00E8CAFA /* NoGitTests */,
				E2D86F351B94CC6A00E8CAFA /* Products */,
			);
			sourceTree = "<group>";
		};
		E2D86F351B94CC6A00E8CAFA /* Products */ = {
			isa = PBXGroup;
			children = (
				E2D86F341B94CC6A00E8CAFA /* NoGit.app */,
				E2D86F4B1B94CC6B00E8CAFA /* NoGitTests.xctest */,
			);
			name = Products;
			sourceTree = "<group>";
		};
		E2D86F361B94CC6A00E8CAFA /* NoGit */ = {
			isa = PBXGroup;
			children = (
				E2D86F391B94CC6A00E8CAFA /* AppDelegate.swift */,
				E2D86F3B1B94CC6A00E8CAFA /* MasterViewController.swift */,
				E2D86F3D1B94CC6A00E8CAFA /* DetailViewController.swift */,
				E2D86F3F1B94CC6A00E8CAFA /* Main.storyboard */,
				E2D86F421B94CC6A00E8CAFA /* Images.xcassets */,
				E2D86F441B94CC6A00E8CAFA /* LaunchScreen.xib */,
				E2D86F371B94CC6A00E8CAFA /* Supporting Files */,
			);
			path = NoGit;
			sourceTree = "<group>";
		};
		E2D86F371B94CC6A00E8CAFA /* Supporting Files */ = {
			isa = PBXGroup;
			children = (
				E2D86F381B94CC6A00E8CAFA /* Info.plist */,
			);
			name = "Supporting Files";
			sourceTree = "<group>";
		};
		E2D86F4E1B94CC6B00E8CAFA /* NoGitTests */ = {
			isa = PBXGroup;
			children = (
				E2D86F511B94CC6B00E8CAFA /* NoGitTests.swift */,
				E2D86F4F1B94CC6B00E8CAFA /* Supporting Files */,
			);
			path = NoGitTests;
			sourceTree = "<group>";
		};
		E2D86F4F1B94CC6B00E8CAFA /* Supporting Files */ = {
			isa = PBXGroup;
			children = (
				E2D86F501B94CC6B00E8CAFA /* Info.plist */,
			);
			name = "Supporting Files";
			sourceTree = "<group>";
		};
/* End PBXGroup section */

/* Begin PBXNativeTarget section */
		E2D86F331B94CC6A00E8CAFA /* NoGit */ = {
			isa = PBXNativeTarget;
			buildConfigurationList = E2D86F551B94CC6B00E8CAFA /* Build configuration list for PBXNativeTarget "NoGit" */;
			buildPhases = (
				E2D86F301B94CC6A00E8CAFA /* Sources */,
				E2D86F311B94CC6A00E8CAFA /* Frameworks */,
				E2D86F321B94CC6A00E8CAFA /* Resources */,
			);
			buildRules = (
			);
			dependencies = (
			);
			name = NoGit;
			productName = NoGit;
			productReference = E2D86F341B94CC6A00E8CAFA /* NoGit.app */;
			productType = "com.apple.product-type.application";
		};
		E2D86F4A1B94CC6B00E8CAFA /* NoGitTests */ = {
			isa = PBXNativeTarget;
			buildConfigurationList = E2D86F581B94CC6B00E8CAFA /* Build configuration list for PBXNativeTarget "NoGitTests" */;
			buildPhases = (
				E2D86F471B94CC6B00E8CAFA /* Sources */,
				E2D86F481B94CC6B00E8CAFA /* Frameworks */,
				E2D86F491B94CC6B00E8CAFA /* Resources */,
			);
			buildRules = (
			);
			dependencies = (
				E2D86F4D1B94CC6B00E8CAFA /* PBXTargetDependency */,
			);
			name = NoGitTests;
			productName = NoGitTests;
			productReference = E2D86F4B1B94CC6B00E8CAFA /* NoGitTests.xctest */;
			productType = "com.apple.product-type.bundle.unit-test";
		};
/* End PBXNativeTarget section */

/* Begin PBXProject section */
		E2D86F2C1B94CC6A00E8CAFA /* Project object */ = {
			isa = PBXProject;
			attributes = {
				LastUpgradeCheck = 0640;
				ORGANIZATIONNAME = "Matheus Marques Leoncio";
				TargetAttributes = {
					E2D86F331B94CC6A00E8CAFA = {
						CreatedOnToolsVersion = 6.4;
					};
					E2D86F4A1B94CC6B00E8CAFA = {
						CreatedOnToolsVersion = 6.4;
						TestTargetID = E2D86F331B94CC6A00E8CAFA;
					};
				};
			};
			buildConfigurationList = E2D86F2F1B94CC6A00E8CAFA /* Build configuration list for PBXProject "NoGit" */;
			compatibilityVersion = "Xcode 3.2";
			developmentRegion = English;
			hasScannedForEncodings = 0;
			knownRegions = (
				en,
				Base,
			);
			mainGroup = E2D86F2B1B94CC6A00E8CAFA;
			productRefGroup = E2D86F351B94CC6A00E8CAFA /* Products */;
			projectDirPath = "";
			projectRoot = "";
			targets = (
				E2D86F331B94CC6A00E8CAFA /* NoGit */,
				E2D86F4A1B94CC6B00E8CAFA /* NoGitTests */,
			);
		};
/* End PBXProject section */

/* Begin PBXResourcesBuildPhase section */
		E2D86F321B94CC6A00E8CAFA /* Resources */ = {
			isa = PBXResourcesBuildPhase;
			buildActionMask = 2147483647;
			files = (
				E2D86F411B94CC6A00E8CAFA /* Main.storyboard in Resources */,
				E2D86F461B94CC6A00E8CAFA /* LaunchScreen.xib in Resources */,
				E2D86F431B94CC6A00E8CAFA /* Images.xcassets in Resources */,
			);
			runOnlyForDeploymentPostprocessing = 0;
		};
		E2D86F491B94CC6B00E8CAFA /* Resources */ = {
			isa = PBXResourcesBuildPhase;
			buildActionMask = 2147483647;
			files = (
			);
			runOnlyForDeploymentPostprocessing = 0;
		};
/* End PBXResourcesBuildPhase section */

/* Begin PBXSourcesBuildPhase section */
		E2D86F301B94CC6A00E8CAFA /* Sources */ = {
			isa = PBXSourcesBuildPhase;
			buildActionMask = 2147483647;
			files = (
				E2D86F3E1B94CC6A00E8CAFA /* DetailViewController.swift in Sources */,
				E2D86F3C1B94CC6A00E8CAFA /* MasterViewController.swift in Sources */,
				E2D86F3A1B94CC6A00E8CAFA /* AppDelegate.swift in Sources */,
			);
			runOnlyForDeploymentPostprocessing = 0;
		};
		E2D86F471B94CC6B00E8CAFA /* Sources */ = {
			isa = PBXSourcesBuildPhase;
			buildActionMask = 2147483647;
			files = (
				E2D86F521B94CC6B00E8CAFA /* NoGitTests.swift in Sources */,
			);
			runOnlyForDeploymentPostprocessing = 0;
		};
/* End PBXSourcesBuildPhase section */

/* Begin PBXTargetDependency section */
		E2D86F4D1B94CC6B00E8CAFA /* PBXTargetDependency */ = {
			isa = PBXTargetDependency;
			target = E2D86F331B94CC6A00E8CAFA /* NoGit */;
			targetProxy = E2D86F4C1B94CC6B00E8CAFA /* PBXContainerItemProxy */;
		};
/* End PBXTargetDependency section */

/* Begin PBXVariantGroup section */
		E2D86F3F1B94CC6A00E8CAFA /* Main.storyboard */ = {
			isa = PBXVariantGroup;
			children = (
				E2D86F401B94CC6A00E8CAFA /* Base */,
			);
			name = Main.storyboard;
			sourceTree = "<group>";
		};
		E2D86F441B94CC6A00E8CAFA /* LaunchScreen.xib */ = {
			isa = PBXVariantGroup;
			children = (
				E2D86F451B94CC6A00E8CAFA /* Base */,
			);
			name = LaunchScreen.xib;
			sourceTree = "<group>";
		};
/* End PBXVariantGroup section */

/* Begin XCBuildConfiguration section */
		E2D86F531B94CC6B00E8CAFA /* Debug */ = {
			isa = XCBuildConfiguration;
			buildSettings = {
				ALWAYS_SEARCH_USER_PATHS = NO;
				CLANG_CXX_LANGUAGE_STANDARD = "gnu++0x";
				CLANG_CXX_LIBRARY = "libc++";
				CLANG_ENABLE_MODULES = YES;
				CLANG_ENABLE_OBJC_ARC = YES;
				CLANG_WARN_BOOL_CONVERSION = YES;
				CLANG_WARN_CONSTANT_CONVERSION = YES;
				CLANG_WARN_DIRECT_OBJC_ISA_USAGE = YES_ERROR;
				CLANG_WARN_EMPTY_BODY = YES;
				CLANG_WARN_ENUM_CONVERSION = YES;
				CLANG_WARN_INT_CONVERSION = YES;
				CLANG_WARN_OBJC_ROOT_CLASS = YES_ERROR;
				CLANG_WARN_UNREACHABLE_CODE = YES;
				CLANG_WARN__DUPLICATE_METHOD_MATCH = YES;
				"CODE_SIGN_IDENTITY[sdk=iphoneos*]" = "iPhone Developer";
				COPY_PHASE_STRIP = NO;
				DEBUG_INFORMATION_FORMAT = "dwarf-with-dsym";
				ENABLE_STRICT_OBJC_MSGSEND = YES;
				GCC_C_LANGUAGE_STANDARD = gnu99;
				GCC_DYNAMIC_NO_PIC = NO;
				GCC_NO_COMMON_BLOCKS = YES;
				GCC_OPTIMIZATION_LEVEL = 0;
				GCC_PREPROCESSOR_DEFINITIONS = (
					"DEBUG=1",
					"$(inherited)",
				);
				GCC_SYMBOLS_PRIVATE_EXTERN = NO;
				GCC_WARN_64_TO_32_BIT_CONVERSION = YES;
				GCC_WARN_ABOUT_RETURN_TYPE = YES_ERROR;
				GCC_WARN_UNDECLARED_SELECTOR = YES;
				GCC_WARN_UNINITIALIZED_AUTOS = YES_AGGRESSIVE;
				GCC_WARN_UNUSED_FUNCTION = YES;
				GCC_WARN_UNUSED_VARIABLE = YES;
				IPHONEOS_DEPLOYMENT_TARGET = 8.4;
				MTL_ENABLE_DEBUG_INFO = YES;
				ONLY_ACTIVE_ARCH = YES;
				SDKROOT = iphoneos;
				SWIFT_OPTIMIZATION_LEVEL = "-Onone";
				TARGETED_DEVICE_FAMILY = "1,2";
			};
			name = Debug;
		};
		E2D86F541B94CC6B00E8CAFA /* Release */ = {
			isa = XCBuildConfiguration;
			buildSettings = {
				ALWAYS_SEARCH_USER_PATHS = NO;
				CLANG_CXX_LANGUAGE_STANDARD = "gnu++0x";
				CLANG_CXX_LIBRARY = "libc++";
				CLANG_ENABLE_MODULES = YES;
				CLANG_ENABLE_OBJC_ARC = YES;
				CLANG_WARN_BOOL_CONVERSION = YES;
				CLANG_WARN_CONSTANT_CONVERSION = YES;
				CLANG_WARN_DIRECT_OBJC_ISA_USAGE = YES_ERROR;
				CLANG_WARN_EMPTY_BODY = YES;
				CLANG_WARN_ENUM_CONVERSION = YES;
				CLANG_WARN_INT_CONVERSION = YES;
				CLANG_WARN_OBJC_ROOT_CLASS = YES_ERROR;
				CLANG_WARN_UNREACHABLE_CODE = YES;
				CLANG_WARN__DUPLICATE_METHOD_MATCH = YES;
				"CODE_SIGN_IDENTITY[sdk=iphoneos*]" = "iPhone Developer";
				COPY_PHASE_STRIP = NO;
				DEBUG_INFORMATION_FORMAT = "dwarf-with-dsym";
				ENABLE_NS_ASSERTIONS = NO;
				ENABLE_STRICT_OBJC_MSGSEND = YES;
				GCC_C_LANGUAGE_STANDARD = gnu99;
				GCC_NO_COMMON_BLOCKS = YES;
				GCC_WARN_64_TO_32_BIT_CONVERSION = YES;
				GCC_WARN_ABOUT_RETURN_TYPE = YES_ERROR;
				GCC_WARN_UNDECLARED_SELECTOR = YES;
				GCC_WARN_UNINITIALIZED_AUTOS = YES_AGGRESSIVE;
				GCC_WARN_UNUSED_FUNCTION = YES;
				GCC_WARN_UNUSED_VARIABLE = YES;
				IPHONEOS_DEPLOYMENT_TARGET = 8.4;
				MTL_ENABLE_DEBUG_INFO = NO;
				SDKROOT = iphoneos;
				TARGETED_DEVICE_FAMILY = "1,2";
				VALIDATE_PRODUCT = YES;
			};
			name = Release;
		};
		E2D86F561B94CC6B00E8CAFA /* Debug */ = {
			isa = XCBuildConfiguration;
			buildSettings = {
				ASSETCATALOG_COMPILER_APPICON_NAME = AppIcon;
				INFOPLIST_FILE = NoGit/Info.plist;
				LD_RUNPATH_SEARCH_PATHS = "$(inherited) @executable_path/Frameworks";
				PRODUCT_NAME = "$(TARGET_NAME)";
			};
			name = Debug;
		};
		E2D86F571B94CC6B00E8CAFA /* Release */ = {
			isa = XCBuildConfiguration;
			buildSettings = {
				ASSETCATALOG_COMPILER_APPICON_NAME = AppIcon;
				INFOPLIST_FILE = NoGit/Info.plist;
				LD_RUNPATH_SEARCH_PATHS = "$(inherited) @executable_path/Frameworks";
				PRODUCT_NAME = "$(TARGET_NAME)";
			};
			name = Release;
		};
		E2D86F591B94CC6B00E8CAFA /* Debug */ = {
			isa = XCBuildConfiguration;
			buildSettings = {
				BUNDLE_LOADER = "$(TEST_HOST)";
				FRAMEWORK_SEARCH_PATHS = (
					"$(SDKROOT)/Developer/Library/Frameworks",
					"$(inherited)",
				);
				GCC_PREPROCESSOR_DEFINITIONS = (
					"DEBUG=1",
					"$(inherited)",
				);
				INFOPLIST_FILE = NoGitTests/Info.plist;
				LD_RUNPATH_SEARCH_PATHS = "$(inherited) @executable_path/Frameworks @loader_path/Frameworks";
				PRODUCT_NAME = "$(TARGET_NAME)";
				TEST_HOST = "$(BUILT_PRODUCTS_DIR)/NoGit.app/NoGit";
			};
			name = Debug;
		};
		E2D86F5A1B94CC6B00E8CAFA /* Release */ = {
			isa = XCBuildConfiguration;
			buildSettings = {
				BUNDLE_LOADER = "$(TEST_HOST)";
				FRAMEWORK_SEARCH_PATHS = (
					"$(SDKROOT)/Developer/Library/Frameworks",
					"$(inherited)",
				);
				INFOPLIST_FILE = NoGitTests/Info.plist;
				LD_RUNPATH_SEARCH_PATHS = "$(inherited) @executable_path/Frameworks @loader_path/Frameworks";
				PRODUCT_NAME = "$(TARGET_NAME)";
				TEST_HOST = "$(BUILT_PRODUCTS_DIR)/NoGit.app/NoGit";
			};
			name = Release;
		};
/* End XCBuildConfiguration section */

/* Begin XCConfigurationList section */
		E2D86F2F1B94CC6A00E8CAFA /* Build configuration list for PBXProject "NoGit" */ = {
			isa = XCConfigurationList;
			buildConfigurations = (
				E2D86F531B94CC6B00E8CAFA /* Debug */,
				E2D86F541B94CC6B00E8CAFA /* Release */,
			);
			defaultConfigurationIsVisible = 0;
			defaultConfigurationName = Release;
		};
		E2D86F551B94CC6B00E8CAFA /* Build configuration list for PBXNativeTarget "NoGit" */ = {
			isa = XCConfigurationList;
			buildConfigurations = (
				E2D86F561B94CC6B00E8CAFA /* Debug */,
				E2D86F571B94CC6B00E8CAFA /* Release */,
			);
			defaultConfigurationIsVisible = 0;
		};
		E2D86F581B94CC6B00E8CAFA /* Build configuration list for PBXNativeTarget "NoGitTests" */ = {
			isa = XCConfigurationList;
			buildConfigurations = (
				E2D86F591B94CC6B00E8CAFA /* Debug */,
				E2D86F5A1B94CC6B00E8CAFA /* Release */,
			);
			defaultConfigurationIsVisible = 0;
		};
/* End XCConfigurationList section */
	};
	rootObject = E2D86F2C1B94CC6A00E8CAFA /* Project object */;
}
